
Microsoft Visual Studio Solution File, Format Version 12.00
# Visual Studio 15
VisualStudioVersion = 15.0.27004.2006
MinimumVisualStudioVersion = 10.0.40219.1
Project("{FAE04EC0-301F-11D3-BF4B-00C04F79EFBC}") = "AzureFunctionsVuejsSample.Function", "AzureFunctionsVuejsSample.Function\AzureFunctionsVuejsSample.Function.csproj", "{F721B262-A081-4DF6-BF60-C856DD00916B}"
EndProject
Global
	GlobalSection(SolutionConfigurationPlatforms) = preSolution
		Debug|Any CPU = Debug|Any CPU
		Release|Any CPU = Release|Any CPU
	EndGlobalSection
	GlobalSection(ProjectConfigurationPlatforms) = postSolution
		{F721B262-A081-4DF6-BF60-C856DD00916B}.Debug|Any CPU.ActiveCfg = Debug|Any CPU
		{F721B262-A081-4DF6-BF60-C856DD00916B}.Debug|Any CPU.Build.0 = Debug|Any CPU
		{F721B262-A081-4DF6-BF60-C856DD00916B}.Release|Any CPU.ActiveCfg = Release|Any CPU
		{F721B262-A081-4DF6-BF60-C856DD00916B}.Release|Any CPU.Build.0 = Release|Any CPU
	EndGlobalSection
	GlobalSection(SolutionProperties) = preSolution
		HideSolutionNode = FALSE
	EndGlobalSection
	GlobalSection(ExtensibilityGlobals) = postSolution
		SolutionGuid = {F2443443-15D8-4E35-8714-23B4BD7CCBE7}
	EndGlobalSection
EndGlobal
